
Microsoft Visual Studio Solution File, Format Version 12.00
# Visual Studio Version 17
VisualStudioVersion = 17.14.36811.4 d17.14
MinimumVisualStudioVersion = 10.0.40219.1
Project("{FAE04EC0-301F-11D3-BF4B-00C04F79EFBC}") = "TK", "TK\TK.csproj", "{5BCB75D6-DFB5-4B8A-BAAA-C881D14CAF81}"
EndProject
Project("{FAE04EC0-301F-11D3-BF4B-00C04F79EFBC}") = "UnitTestProject1", "UnitTestProject1\UnitTestProject1.csproj", "{597D40A0-B8DA-4E88-9374-CEE3C154C099}"
EndProject
Global
	GlobalSection(SolutionConfigurationPlatforms) = preSolution
		Debug|Any CPU = Debug|Any CPU
		Release|Any CPU = Release|Any CPU
	EndGlobalSection
	GlobalSection(ProjectConfigurationPlatforms) = postSolution
		{5BCB75D6-DFB5-4B8A-BAAA-C881D14CAF81}.Debug|Any CPU.ActiveCfg = Debug|Any CPU
		{5BCB75D6-DFB5-4B8A-BAAA-C881D14CAF81}.Debug|Any CPU.Build.0 = Debug|Any CPU
		{5BCB75D6-DFB5-4B8A-BAAA-C881D14CAF81}.Release|Any CPU.ActiveCfg = Release|Any CPU
		{5BCB75D6-DFB5-4B8A-BAAA-C881D14CAF81}.Release|Any CPU.Build.0 = Release|Any CPU
		{597D40A0-B8DA-4E88-9374-CEE3C154C099}.Debug|Any CPU.ActiveCfg = Debug|Any CPU
		{597D40A0-B8DA-4E88-9374-CEE3C154C099}.Debug|Any CPU.Build.0 = Debug|Any CPU
		{597D40A0-B8DA-4E88-9374-CEE3C154C099}.Release|Any CPU.ActiveCfg = Release|Any CPU
		{597D40A0-B8DA-4E88-9374-CEE3C154C099}.Release|Any CPU.Build.0 = Release|Any CPU
	EndGlobalSection
	GlobalSection(SolutionProperties) = preSolution
		HideSolutionNode = FALSE
	EndGlobalSection
	GlobalSection(ExtensibilityGlobals) = postSolution
		SolutionGuid = {BCD47D80-1A53-4EE8-8FC2-710C97229570}
	EndGlobalSection
EndGlobal
